
Microsoft Visual Studio Solution File, Format Version 12.00
# Visual Studio Version 17
VisualStudioVersion = 17.5.33502.453
MinimumVisualStudioVersion = 10.0.40219.1
Project("{FAE04EC0-301F-11D3-BF4B-00C04F79EFBC}") = "PhonebookContacts.Server", "PhonebookContacts\Server\PhonebookContacts.Server.csproj", "{2247F3E4-E88F-4553-95F3-A045166F75E2}"
EndProject
Project("{FAE04EC0-301F-11D3-BF4B-00C04F79EFBC}") = "PhonebookContacts.Client", "PhonebookContacts\Client\PhonebookContacts.Client.csproj", "{2E6787EA-ACFA-4AC5-B361-9B174D63CF84}"
EndProject
Project("{FAE04EC0-301F-11D3-BF4B-00C04F79EFBC}") = "PhonebookContacts.Shared", "PhonebookContacts\Shared\PhonebookContacts.Shared.csproj", "{1C1402B9-BE8A-4503-A13A-1D3D90EFA1A2}"
EndProject
Global
	GlobalSection(SolutionConfigurationPlatforms) = preSolution
		Debug|Any CPU = Debug|Any CPU
		Release|Any CPU = Release|Any CPU
	EndGlobalSection
	GlobalSection(ProjectConfigurationPlatforms) = postSolution
		{2247F3E4-E88F-4553-95F3-A045166F75E2}.Debug|Any CPU.ActiveCfg = Debug|Any CPU
		{2247F3E4-E88F-4553-95F3-A045166F75E2}.Debug|Any CPU.Build.0 = Debug|Any CPU
		{2247F3E4-E88F-4553-95F3-A045166F75E2}.Release|Any CPU.ActiveCfg = Release|Any CPU
		{2247F3E4-E88F-4553-95F3-A045166F75E2}.Release|Any CPU.Build.0 = Release|Any CPU
		{2E6787EA-ACFA-4AC5-B361-9B174D63CF84}.Debug|Any CPU.ActiveCfg = Debug|Any CPU
		{2E6787EA-ACFA-4AC5-B361-9B174D63CF84}.Debug|Any CPU.Build.0 = Debug|Any CPU
		{2E6787EA-ACFA-4AC5-B361-9B174D63CF84}.Release|Any CPU.ActiveCfg = Release|Any CPU
		{2E6787EA-ACFA-4AC5-B361-9B174D63CF84}.Release|Any CPU.Build.0 = Release|Any CPU
		{1C1402B9-BE8A-4503-A13A-1D3D90EFA1A2}.Debug|Any CPU.ActiveCfg = Debug|Any CPU
		{1C1402B9-BE8A-4503-A13A-1D3D90EFA1A2}.Debug|Any CPU.Build.0 = Debug|Any CPU
		{1C1402B9-BE8A-4503-A13A-1D3D90EFA1A2}.Release|Any CPU.ActiveCfg = Release|Any CPU
		{1C1402B9-BE8A-4503-A13A-1D3D90EFA1A2}.Release|Any CPU.Build.0 = Release|Any CPU
	EndGlobalSection
	GlobalSection(SolutionProperties) = preSolution
		HideSolutionNode = FALSE
	EndGlobalSection
	GlobalSection(ExtensibilityGlobals) = postSolution
		SolutionGuid = {54568E75-D6EF-40CE-BB3D-104308ABAB08}
	EndGlobalSection
EndGlobal
